Microsoft Visual Studio Solution File, Format Version 12.00
# Visual Studio Version 17
VisualStudioVersion = 17.8.34525.116
MinimumVisualStudioVersion = 10.0.40219.1
Project("{9A19103F-16F7-4668-BE54-9A1E7A4F7556}") = "ProductApiService", "ProductApiService.csproj", "{95B14A97-F400-4A1F-AC28-C41C96675900}"
EndProject
Project("{FAE04EC0-301F-11D3-BF4B-00C04F79EFBC}") = "ProductApiTests", "..\ProductApiTests\ProductApiTests.csproj", "{B378E165-AD0F-4EF0-BBDB-5237F0864021}"
EndProject
Global
	GlobalSection(SolutionConfigurationPlatforms) = preSolution
		Debug|Any CPU = Debug|Any CPU
		Release|Any CPU = Release|Any CPU
	EndGlobalSection
	GlobalSection(ProjectConfigurationPlatforms) = postSolution
		{95B14A97-F400-4A1F-AC28-C41C96675900}.Debug|Any CPU.ActiveCfg = Debug|Any CPU
		{95B14A97-F400-4A1F-AC28-C41C96675900}.Debug|Any CPU.Build.0 = Debug|Any CPU
		{95B14A97-F400-4A1F-AC28-C41C96675900}.Release|Any CPU.ActiveCfg = Release|Any CPU
		{95B14A97-F400-4A1F-AC28-C41C96675900}.Release|Any CPU.Build.0 = Release|Any CPU
		{B378E165-AD0F-4EF0-BBDB-5237F0864021}.Debug|Any CPU.ActiveCfg = Debug|Any CPU
		{B378E165-AD0F-4EF0-BBDB-5237F0864021}.Debug|Any CPU.Build.0 = Debug|Any CPU
		{B378E165-AD0F-4EF0-BBDB-5237F0864021}.Release|Any CPU.ActiveCfg = Release|Any CPU
		{B378E165-AD0F-4EF0-BBDB-5237F0864021}.Release|Any CPU.Build.0 = Release|Any CPU
	EndGlobalSection
	GlobalSection(SolutionProperties) = preSolution
		HideSolutionNode = FALSE
	EndGlobalSection
	GlobalSection(ExtensibilityGlobals) = postSolution
		SolutionGuid = {31CB1C51-1993-4726-94E7-F283DF3C3282}
	EndGlobalSection
EndGlobal
